<?xml version="1.0" encoding="utf-8"?>
<Project ToolsVersion="4.0" xmlns="http://schemas.microsoft.com/developer/msbuild/2003">
  <ItemGroup>
    <Filter Include="Ngin">
      <UniqueIdentifier>{3199897C-1DD0-8A0D-C6BC-7010B2D2060F}</UniqueIdentifier>
    </Filter>
    <Filter Include="Ngin\Events">
      <UniqueIdentifier>{F5E3B244-6199-2B3A-EA8D-25115642223E}</UniqueIdentifier>
    </Filter>
    <Filter Include="Platforms">
      <UniqueIdentifier>{DDACA145-4917-56BC-9255-0762FEFE3311}</UniqueIdentifier>
    </Filter>
  </ItemGroup>
  <ItemGroup>
    <ClInclude Include="src\Ngin.h" />
    <ClInclude Include="src\Ngin\Application.h">
      <Filter>Ngin</Filter>
    </ClInclude>
    <ClInclude Include="src\Ngin\Core.h">
      <Filter>Ngin</Filter>
    </ClInclude>
    <ClInclude Include="src\Ngin\EntryPoint.h">
      <Filter>Ngin</Filter>
    </ClInclude>
    <ClInclude Include="src\Ngin\Events\ApplicationEvent.h">
      <Filter>Ngin\Events</Filter>
    </ClInclude>
    <ClInclude Include="src\Ngin\Events\Event.h">
      <Filter>Ngin\Events</Filter>
    </ClInclude>
    <ClInclude Include="src\Ngin\Events\KeyEvent.h">
      <Filter>Ngin\Events</Filter>
    </ClInclude>
    <ClInclude Include="src\Ngin\Events\MouseEvent.h">
      <Filter>Ngin\Events</Filter>
    </ClInclude>
    <ClInclude Include="src\Ngin\KeyCodes.h">
      <Filter>Ngin</Filter>
    </ClInclude>
    <ClInclude Include="src\Ngin\Log.h">
      <Filter>Ngin</Filter>
    </ClInclude>
    <ClInclude Include="src\Ngin\MouseCodes.h">
      <Filter>Ngin</Filter>
    </ClInclude>
    <ClInclude Include="src\Ngin\Subsystem.h">
      <Filter>Ngin</Filter>
    </ClInclude>
    <ClInclude Include="src\Ngin\SubsystemManager.h">
      <Filter>Ngin</Filter>
    </ClInclude>
    <ClInclude Include="src\Ngin\Window.h">
      <Filter>Ngin</Filter>
    </ClInclude>
    <ClInclude Include="src\Platforms\InputSubsystem.h">
      <Filter>Platforms</Filter>
    </ClInclude>
    <ClInclude Include="src\Platforms\WindowSubsystem.h">
      <Filter>Platforms</Filter>
    </ClInclude>
    <ClInclude Include="src\Platforms\WindowsWindow.h">
      <Filter>Platforms</Filter>
    </ClInclude>
    <ClInclude Include="src\ngpch.h" />
  </ItemGroup>
  <ItemGroup>
    <ClCompile Include="src\Ngin\Application.cpp">
      <Filter>Ngin</Filter>
    </ClCompile>
    <ClCompile Include="src\Ngin\Log.cpp">
      <Filter>Ngin</Filter>
    </ClCompile>
    <ClCompile Include="src\Ngin\SubsystemManager.cpp">
      <Filter>Ngin</Filter>
    </ClCompile>
    <ClCompile Include="src\Platforms\InputSubsystem.cpp">
      <Filter>Platforms</Filter>
    </ClCompile>
    <ClCompile Include="src\Platforms\WindowSubsystem.cpp">
      <Filter>Platforms</Filter>
    </ClCompile>
    <ClCompile Include="src\Platforms\WindowsWindow.cpp">
      <Filter>Platforms</Filter>
    </ClCompile>
    <ClCompile Include="src\ngpch.cpp" />
  </ItemGroup>
</Project>